
Microsoft Visual Studio Solution File, Format Version 12.00
# Visual Studio Version 17
VisualStudioVersion = 17.11.35219.272
MinimumVisualStudioVersion = 10.0.40219.1
Project("{FAE04EC0-301F-11D3-BF4B-00C04F79EFBC}") = "WeatherForecast", "WeatherForecast\WeatherForecast.csproj", "{55789BBE-0503-49AE-906E-1263FA564E07}"
EndProject
Global
	GlobalSection(SolutionConfigurationPlatforms) = preSolution
		Debug|Any CPU = Debug|Any CPU
		Release|Any CPU = Release|Any CPU
	EndGlobalSection
	GlobalSection(ProjectConfigurationPlatforms) = postSolution
		{55789BBE-0503-49AE-906E-1263FA564E07}.Debug|Any CPU.ActiveCfg = Debug|Any CPU
		{55789BBE-0503-49AE-906E-1263FA564E07}.Debug|Any CPU.Build.0 = Debug|Any CPU
		{55789BBE-0503-49AE-906E-1263FA564E07}.Release|Any CPU.ActiveCfg = Release|Any CPU
		{55789BBE-0503-49AE-906E-1263FA564E07}.Release|Any CPU.Build.0 = Release|Any CPU
	EndGlobalSection
	GlobalSection(SolutionProperties) = preSolution
		HideSolutionNode = FALSE
	EndGlobalSection
	GlobalSection(ExtensibilityGlobals) = postSolution
		SolutionGuid = {E99FE726-0C0A-48FA-B9B2-458E843AAE7C}
	EndGlobalSection
EndGlobal
